
Microsoft Visual Studio Solution File, Format Version 12.00
# Visual Studio 14
VisualStudioVersion = 14.0.25420.1
MinimumVisualStudioVersion = 10.0.40219.1
Project("{FAE04EC0-301F-11D3-BF4B-00C04F79EFBC}") = "ScannerRemote.Droid", "ScannerRemote\ScannerRemote.Droid\ScannerRemote.Droid.csproj", "{2835A310-A13F-4F89-A47A-F97C1FCBC376}"
EndProject
Project("{FAE04EC0-301F-11D3-BF4B-00C04F79EFBC}") = "ScannerRemote.iOS", "ScannerRemote\ScannerRemote.iOS\ScannerRemote.iOS.csproj", "{7695A435-24A8-4007-8ECF-69F428D83EF3}"
EndProject
Project("{FAE04EC0-301F-11D3-BF4B-00C04F79EFBC}") = "ScannerRemote", "ScannerRemote\ScannerRemote\ScannerRemote.csproj", "{6CFB1F7F-8B07-4AEA-AB91-1503AEFA67A3}"
EndProject
Global
	GlobalSection(SolutionConfigurationPlatforms) = preSolution
		Ad-Hoc|Any CPU = Ad-Hoc|Any CPU
		Ad-Hoc|iPhone = Ad-Hoc|iPhone
		Ad-Hoc|iPhoneSimulator = Ad-Hoc|iPhoneSimulator
		AppStore|Any CPU = AppStore|Any CPU
		AppStore|iPhone = AppStore|iPhone
		AppStore|iPhoneSimulator = AppStore|iPhoneSimulator
		Debug|Any CPU = Debug|Any CPU
		Debug|iPhone = Debug|iPhone
		Debug|iPhoneSimulator = Debug|iPhoneSimulator
		Release|Any CPU = Release|Any CPU
		Release|iPhone = Release|iPhone
		Release|iPhoneSimulator = Release|iPhoneSimulator
	EndGlobalSection
	GlobalSection(ProjectConfigurationPlatforms) = postSolution
		{2835A310-A13F-4F89-A47A-F97C1FCBC376}.Ad-Hoc|Any CPU.ActiveCfg = Release|Any CPU
		{2835A310-A13F-4F89-A47A-F97C1FCBC376}.Ad-Hoc|Any CPU.Build.0 = Release|Any CPU
		{2835A310-A13F-4F89-A47A-F97C1FCBC376}.Ad-Hoc|Any CPU.Deploy.0 = Release|Any CPU
		{2835A310-A13F-4F89-A47A-F97C1FCBC376}.Ad-Hoc|iPhone.ActiveCfg = Release|Any CPU
		{2835A310-A13F-4F89-A47A-F97C1FCBC376}.Ad-Hoc|iPhone.Build.0 = Release|Any CPU
		{2835A310-A13F-4F89-A47A-F97C1FCBC376}.Ad-Hoc|iPhone.Deploy.0 = Release|Any CPU
		{2835A310-A13F-4F89-A47A-F97C1FCBC376}.Ad-Hoc|iPhoneSimulator.ActiveCfg = Release|Any CPU
		{2835A310-A13F-4F89-A47A-F97C1FCBC376}.Ad-Hoc|iPhoneSimulator.Build.0 = Release|Any CPU
		{2835A310-A13F-4F89-A47A-F97C1FCBC376}.Ad-Hoc|iPhoneSimulator.Deploy.0 = Release|Any CPU
		{2835A310-A13F-4F89-A47A-F97C1FCBC376}.AppStore|Any CPU.ActiveCfg = Release|Any CPU
		{2835A310-A13F-4F89-A47A-F97C1FCBC376}.AppStore|Any CPU.Build.0 = Release|Any CPU
		{2835A310-A13F-4F89-A47A-F97C1FCBC376}.AppStore|Any CPU.Deploy.0 = Release|Any CPU
		{2835A310-A13F-4F89-A47A-F97C1FCBC376}.AppStore|iPhone.ActiveCfg = Release|Any CPU
		{2835A310-A13F-4F89-A47A-F97C1FCBC376}.AppStore|iPhone.Build.0 = Release|Any CPU
		{2835A310-A13F-4F89-A47A-F97C1FCBC376}.AppStore|iPhone.Deploy.0 = Release|Any CPU
		{2835A310-A13F-4F89-A47A-F97C1FCBC376}.AppStore|iPhoneSimulator.ActiveCfg = Release|Any CPU
		{2835A310-A13F-4F89-A47A-F97C1FCBC376}.AppStore|iPhoneSimulator.Build.0 = Release|Any CPU
		{2835A310-A13F-4F89-A47A-F97C1FCBC376}.AppStore|iPhoneSimulator.Deploy.0 = Release|Any CPU
		{2835A310-A13F-4F89-A47A-F97C1FCBC376}.Debug|Any CPU.ActiveCfg = Debug|Any CPU
		{2835A310-A13F-4F89-A47A-F97C1FCBC376}.Debug|Any CPU.Build.0 = Debug|Any CPU
		{2835A310-A13F-4F89-A47A-F97C1FCBC376}.Debug|Any CPU.Deploy.0 = Debug|Any CPU
		{2835A310-A13F-4F89-A47A-F97C1FCBC376}.Debug|iPhone.ActiveCfg = Debug|Any CPU
		{2835A310-A13F-4F89-A47A-F97C1FCBC376}.Debug|iPhone.Build.0 = Debug|Any CPU
		{2835A310-A13F-4F89-A47A-F97C1FCBC376}.Debug|iPhone.Deploy.0 = Debug|Any CPU
		{2835A310-A13F-4F89-A47A-F97C1FCBC376}.Debug|iPhoneSimulator.ActiveCfg = Debug|Any CPU
		{2835A310-A13F-4F89-A47A-F97C1FCBC376}.Debug|iPhoneSimulator.Build.0 = Debug|Any CPU
		{2835A310-A13F-4F89-A47A-F97C1FCBC376}.Debug|iPhoneSimulator.Deploy.0 = Debug|Any CPU
		{2835A310-A13F-4F89-A47A-F97C1FCBC376}.Release|Any CPU.ActiveCfg = Release|Any CPU
		{2835A310-A13F-4F89-A47A-F97C1FCBC376}.Release|Any CPU.Build.0 = Release|Any CPU
		{2835A310-A13F-4F89-A47A-F97C1FCBC376}.Release|Any CPU.Deploy.0 = Release|Any CPU
		{2835A310-A13F-4F89-A47A-F97C1FCBC376}.Release|iPhone.ActiveCfg = Release|Any CPU
		{2835A310-A13F-4F89-A47A-F97C1FCBC376}.Release|iPhone.Build.0 = Release|Any CPU
		{2835A310-A13F-4F89-A47A-F97C1FCBC376}.Release|iPhone.Deploy.0 = Release|Any CPU
		{2835A310-A13F-4F89-A47A-F97C1FCBC376}.Release|iPhoneSimulator.ActiveCfg = Release|Any CPU
		{2835A310-A13F-4F89-A47A-F97C1FCBC376}.Release|iPhoneSimulator.Build.0 = Release|Any CPU
		{2835A310-A13F-4F89-A47A-F97C1FCBC376}.Release|iPhoneSimulator.Deploy.0 = Release|Any CPU
		{7695A435-24A8-4007-8ECF-69F428D83EF3}.Ad-Hoc|Any CPU.ActiveCfg = Ad-Hoc|iPhone
		{7695A435-24A8-4007-8ECF-69F428D83EF3}.Ad-Hoc|iPhone.ActiveCfg = Ad-Hoc|iPhone
		{7695A435-24A8-4007-8ECF-69F428D83EF3}.Ad-Hoc|iPhone.Build.0 = Ad-Hoc|iPhone
		{7695A435-24A8-4007-8ECF-69F428D83EF3}.Ad-Hoc|iPhoneSimulator.ActiveCfg = Ad-Hoc|iPhoneSimulator
		{7695A435-24A8-4007-8ECF-69F428D83EF3}.Ad-Hoc|iPhoneSimulator.Build.0 = Ad-Hoc|iPhoneSimulator
		{7695A435-24A8-4007-8ECF-69F428D83EF3}.AppStore|Any CPU.ActiveCfg = AppStore|iPhone
		{7695A435-24A8-4007-8ECF-69F428D83EF3}.AppStore|iPhone.ActiveCfg = AppStore|iPhone
		{7695A435-24A8-4007-8ECF-69F428D83EF3}.AppStore|iPhone.Build.0 = AppStore|iPhone
		{7695A435-24A8-4007-8ECF-69F428D83EF3}.AppStore|iPhoneSimulator.ActiveCfg = AppStore|iPhoneSimulator
		{7695A435-24A8-4007-8ECF-69F428D83EF3}.AppStore|iPhoneSimulator.Build.0 = AppStore|iPhoneSimulator
		{7695A435-24A8-4007-8ECF-69F428D83EF3}.Debug|Any CPU.ActiveCfg = Debug|iPhone
		{7695A435-24A8-4007-8ECF-69F428D83EF3}.Debug|iPhone.ActiveCfg = Debug|iPhone
		{7695A435-24A8-4007-8ECF-69F428D83EF3}.Debug|iPhone.Build.0 = Debug|iPhone
		{7695A435-24A8-4007-8ECF-69F428D83EF3}.Debug|iPhoneSimulator.ActiveCfg = Debug|iPhoneSimulator
		{7695A435-24A8-4007-8ECF-69F428D83EF3}.Debug|iPhoneSimulator.Build.0 = Debug|iPhoneSimulator
		{7695A435-24A8-4007-8ECF-69F428D83EF3}.Release|Any CPU.ActiveCfg = Release|iPhone
		{7695A435-24A8-4007-8ECF-69F428D83EF3}.Release|iPhone.ActiveCfg = Release|iPhone
		{7695A435-24A8-4007-8ECF-69F428D83EF3}.Release|iPhone.Build.0 = Release|iPhone
		{7695A435-24A8-4007-8ECF-69F428D83EF3}.Release|iPhoneSimulator.ActiveCfg = Release|iPhoneSimulator
		{7695A435-24A8-4007-8ECF-69F428D83EF3}.Release|iPhoneSimulator.Build.0 = Release|iPhoneSimulator
		{6CFB1F7F-8B07-4AEA-AB91-1503AEFA67A3}.Ad-Hoc|Any CPU.ActiveCfg = Release|Any CPU
		{6CFB1F7F-8B07-4AEA-AB91-1503AEFA67A3}.Ad-Hoc|Any CPU.Build.0 = Release|Any CPU
		{6CFB1F7F-8B07-4AEA-AB91-1503AEFA67A3}.Ad-Hoc|iPhone.ActiveCfg = Release|Any CPU
		{6CFB1F7F-8B07-4AEA-AB91-1503AEFA67A3}.Ad-Hoc|iPhone.Build.0 = Release|Any CPU
		{6CFB1F7F-8B07-4AEA-AB91-1503AEFA67A3}.Ad-Hoc|iPhoneSimulator.ActiveCfg = Release|Any CPU
		{6CFB1F7F-8B07-4AEA-AB91-1503AEFA67A3}.Ad-Hoc|iPhoneSimulator.Build.0 = Release|Any CPU
		{6CFB1F7F-8B07-4AEA-AB91-1503AEFA67A3}.AppStore|Any CPU.ActiveCfg = Release|Any CPU
		{6CFB1F7F-8B07-4AEA-AB91-1503AEFA67A3}.AppStore|Any CPU.Build.0 = Release|Any CPU
		{6CFB1F7F-8B07-4AEA-AB91-1503AEFA67A3}.AppStore|iPhone.ActiveCfg = Release|Any CPU
		{6CFB1F7F-8B07-4AEA-AB91-1503AEFA67A3}.AppStore|iPhone.Build.0 = Release|Any CPU
		{6CFB1F7F-8B07-4AEA-AB91-1503AEFA67A3}.AppStore|iPhoneSimulator.ActiveCfg = Release|Any CPU
		{6CFB1F7F-8B07-4AEA-AB91-1503AEFA67A3}.AppStore|iPhoneSimulator.Build.0 = Release|Any CPU
		{6CFB1F7F-8B07-4AEA-AB91-1503AEFA67A3}.Debug|Any CPU.ActiveCfg = Debug|Any CPU
		{6CFB1F7F-8B07-4AEA-AB91-1503AEFA67A3}.Debug|Any CPU.Build.0 = Debug|Any CPU
		{6CFB1F7F-8B07-4AEA-AB91-1503AEFA67A3}.Debug|iPhone.ActiveCfg = Debug|Any CPU
		{6CFB1F7F-8B07-4AEA-AB91-1503AEFA67A3}.Debug|iPhone.Build.0 = Debug|Any CPU
		{6CFB1F7F-8B07-4AEA-AB91-1503AEFA67A3}.Debug|iPhoneSimulator.ActiveCfg = Debug|Any CPU
		{6CFB1F7F-8B07-4AEA-AB91-1503AEFA67A3}.Debug|iPhoneSimulator.Build.0 = Debug|Any CPU
		{6CFB1F7F-8B07-4AEA-AB91-1503AEFA67A3}.Release|Any CPU.ActiveCfg = Release|Any CPU
		{6CFB1F7F-8B07-4AEA-AB91-1503AEFA67A3}.Release|Any CPU.Build.0 = Release|Any CPU
		{6CFB1F7F-8B07-4AEA-AB91-1503AEFA67A3}.Release|iPhone.ActiveCfg = Release|Any CPU
		{6CFB1F7F-8B07-4AEA-AB91-1503AEFA67A3}.Release|iPhone.Build.0 = Release|Any CPU
		{6CFB1F7F-8B07-4AEA-AB91-1503AEFA67A3}.Release|iPhoneSimulator.ActiveCfg = Release|Any CPU
		{6CFB1F7F-8B07-4AEA-AB91-1503AEFA67A3}.Release|iPhoneSimulator.Build.0 = Release|Any CPU
	EndGlobalSection
	GlobalSection(SolutionProperties) = preSolution
		HideSolutionNode = FALSE
	EndGlobalSection
EndGlobal
